Microsoft Visual Studio Solution File, Format Version 11.00
# Visual Studio 2010
Project("{8BC9CEB8-8B4A-11D0-8D11-00A0C91BC942}") = "lib_acl", "lib_acl\lib_acl_vc2010.vcxproj", "{B40213C2-507C-4C7F-A6E1-B850C9BDC27B}"
EndProject
Project("{8BC9CEB8-8B4A-11D0-8D11-00A0C91BC942}") = "lib_protocol", "lib_protocol\lib_protocol_vc2010.vcxproj", "{FE724EF7-3763-4E78-BDF5-BCBC075719FD}"
EndProject
Project("{8BC9CEB8-8B4A-11D0-8D11-00A0C91BC942}") = "lib_dict", "lib_dict\lib_dict.vcxproj", "{9E6E9FE9-EAAC-44BA-B463-70DE0233822E}"
EndProject
Project("{8BC9CEB8-8B4A-11D0-8D11-00A0C91BC942}") = "lib_tls", "lib_tls\lib_tls.vcxproj", "{389FDE47-7F16-4DD4-B37A-27918BE745B6}"
EndProject
Project("{2150E333-8FDC-42A3-9474-1A3956D46DE8}") = "Solution Items", "Solution Items", "{F9F91DA0-E242-4D91-A3E1-EE9440A70B53}"
	ProjectSection(SolutionItems) = preProject
		changes.txt = changes.txt
	EndProjectSection
EndProject
Global
	GlobalSection(SolutionConfigurationPlatforms) = preSolution
		Debug|Win32 = Debug|Win32
		DebugDll|Win32 = DebugDll|Win32
		Release|Win32 = Release|Win32
		ReleaseDll|Win32 = ReleaseDll|Win32
	EndGlobalSection
	GlobalSection(ProjectConfigurationPlatforms) = postSolution
		{B40213C2-507C-4C7F-A6E1-B850C9BDC27B}.Debug|Win32.ActiveCfg = Debug|Win32
		{B40213C2-507C-4C7F-A6E1-B850C9BDC27B}.Debug|Win32.Build.0 = Debug|Win32
		{B40213C2-507C-4C7F-A6E1-B850C9BDC27B}.DebugDll|Win32.ActiveCfg = DebugDll|Win32
		{B40213C2-507C-4C7F-A6E1-B850C9BDC27B}.DebugDll|Win32.Build.0 = DebugDll|Win32
		{B40213C2-507C-4C7F-A6E1-B850C9BDC27B}.Release|Win32.ActiveCfg = Release|Win32
		{B40213C2-507C-4C7F-A6E1-B850C9BDC27B}.Release|Win32.Build.0 = Release|Win32
		{B40213C2-507C-4C7F-A6E1-B850C9BDC27B}.ReleaseDll|Win32.ActiveCfg = ReleaseDll|Win32
		{B40213C2-507C-4C7F-A6E1-B850C9BDC27B}.ReleaseDll|Win32.Build.0 = ReleaseDll|Win32
		{FE724EF7-3763-4E78-BDF5-BCBC075719FD}.Debug|Win32.ActiveCfg = Debug|Win32
		{FE724EF7-3763-4E78-BDF5-BCBC075719FD}.Debug|Win32.Build.0 = Debug|Win32
		{FE724EF7-3763-4E78-BDF5-BCBC075719FD}.DebugDll|Win32.ActiveCfg = DebugDll|Win32
		{FE724EF7-3763-4E78-BDF5-BCBC075719FD}.DebugDll|Win32.Build.0 = DebugDll|Win32
		{FE724EF7-3763-4E78-BDF5-BCBC075719FD}.Release|Win32.ActiveCfg = Release|Win32
		{FE724EF7-3763-4E78-BDF5-BCBC075719FD}.Release|Win32.Build.0 = Release|Win32
		{FE724EF7-3763-4E78-BDF5-BCBC075719FD}.ReleaseDll|Win32.ActiveCfg = ReleaseDll|Win32
		{FE724EF7-3763-4E78-BDF5-BCBC075719FD}.ReleaseDll|Win32.Build.0 = ReleaseDll|Win32
		{9E6E9FE9-EAAC-44BA-B463-70DE0233822E}.Debug|Win32.ActiveCfg = Debug|Win32
		{9E6E9FE9-EAAC-44BA-B463-70DE0233822E}.Debug|Win32.Build.0 = Debug|Win32
		{9E6E9FE9-EAAC-44BA-B463-70DE0233822E}.DebugDll|Win32.ActiveCfg = DebugDll|Win32
		{9E6E9FE9-EAAC-44BA-B463-70DE0233822E}.DebugDll|Win32.Build.0 = DebugDll|Win32
		{9E6E9FE9-EAAC-44BA-B463-70DE0233822E}.Release|Win32.ActiveCfg = Release|Win32
		{9E6E9FE9-EAAC-44BA-B463-70DE0233822E}.Release|Win32.Build.0 = Release|Win32
		{9E6E9FE9-EAAC-44BA-B463-70DE0233822E}.ReleaseDll|Win32.ActiveCfg = ReleaseDll|Win32
		{9E6E9FE9-EAAC-44BA-B463-70DE0233822E}.ReleaseDll|Win32.Build.0 = ReleaseDll|Win32
		{389FDE47-7F16-4DD4-B37A-27918BE745B6}.Debug|Win32.ActiveCfg = Debug|Win32
		{389FDE47-7F16-4DD4-B37A-27918BE745B6}.Debug|Win32.Build.0 = Debug|Win32
		{389FDE47-7F16-4DD4-B37A-27918BE745B6}.DebugDll|Win32.ActiveCfg = DebugDll|Win32
		{389FDE47-7F16-4DD4-B37A-27918BE745B6}.DebugDll|Win32.Build.0 = DebugDll|Win32
		{389FDE47-7F16-4DD4-B37A-27918BE745B6}.Release|Win32.ActiveCfg = Release|Win32
		{389FDE47-7F16-4DD4-B37A-27918BE745B6}.Release|Win32.Build.0 = Release|Win32
		{389FDE47-7F16-4DD4-B37A-27918BE745B6}.ReleaseDll|Win32.ActiveCfg = ReleaseDll|Win32
		{389FDE47-7F16-4DD4-B37A-27918BE745B6}.ReleaseDll|Win32.Build.0 = ReleaseDll|Win32
	EndGlobalSection
	GlobalSection(SolutionProperties) = preSolution
		HideSolutionNode = FALSE
	EndGlobalSection
EndGlobal
