Microsoft Visual Studio Solution File, Format Version 12.00
# Visual Studio 2012
Project("{8BC9CEB8-8B4A-11D0-8D11-00A0C91BC942}") = "lib_acl", "lib_acl\lib_acl_vc2012.vcxproj", "{B40213C2-507C-4C7F-A6E1-B850C9BDC27B}"
EndProject
Project("{8BC9CEB8-8B4A-11D0-8D11-00A0C91BC942}") = "lib_protocol", "lib_protocol\lib_protocol_vc2012.vcxproj", "{FE724EF7-3763-4E78-BDF5-BCBC075719FD}"
EndProject
Project("{8BC9CEB8-8B4A-11D0-8D11-00A0C91BC942}") = "lib_acl_cpp", "lib_acl_cpp\lib_acl_cpp_vc2012.vcxproj", "{6EC1F44E-6A6A-48E9-B699-D7E89B63C8DC}"
EndProject
Project("{8BC9CEB8-8B4A-11D0-8D11-00A0C91BC942}") = "aio_client", "lib_acl_cpp\samples\aio_client\aio_client_vc2012.vcxproj", "{9A04F86E-D4CB-45ED-9BB6-9939B9400B6F}"
	ProjectSection(ProjectDependencies) = postProject
		{6EC1F44E-6A6A-48E9-B699-D7E89B63C8DC} = {6EC1F44E-6A6A-48E9-B699-D7E89B63C8DC}
		{B40213C2-507C-4C7F-A6E1-B850C9BDC27B} = {B40213C2-507C-4C7F-A6E1-B850C9BDC27B}
		{FE724EF7-3763-4E78-BDF5-BCBC075719FD} = {FE724EF7-3763-4E78-BDF5-BCBC075719FD}
	EndProjectSection
EndProject
Project("{8BC9CEB8-8B4A-11D0-8D11-00A0C91BC942}") = "aio_dns", "lib_acl_cpp\samples\aio_dns\aio_dns_vc2012.vcxproj", "{BE2DF8B2-2DCD-4F32-99B9-0B0CA24BFAD9}"
	ProjectSection(ProjectDependencies) = postProject
		{6EC1F44E-6A6A-48E9-B699-D7E89B63C8DC} = {6EC1F44E-6A6A-48E9-B699-D7E89B63C8DC}
		{B40213C2-507C-4C7F-A6E1-B850C9BDC27B} = {B40213C2-507C-4C7F-A6E1-B850C9BDC27B}
		{FE724EF7-3763-4E78-BDF5-BCBC075719FD} = {FE724EF7-3763-4E78-BDF5-BCBC075719FD}
	EndProjectSection
EndProject
Project("{8BC9CEB8-8B4A-11D0-8D11-00A0C91BC942}") = "aio_ipc", "lib_acl_cpp\samples\aio_ipc\aio_ipc_vc2012.vcxproj", "{956FA905-A77F-41FE-A4BE-C3BD3B5B3E83}"
	ProjectSection(ProjectDependencies) = postProject
		{6EC1F44E-6A6A-48E9-B699-D7E89B63C8DC} = {6EC1F44E-6A6A-48E9-B699-D7E89B63C8DC}
		{B40213C2-507C-4C7F-A6E1-B850C9BDC27B} = {B40213C2-507C-4C7F-A6E1-B850C9BDC27B}
		{FE724EF7-3763-4E78-BDF5-BCBC075719FD} = {FE724EF7-3763-4E78-BDF5-BCBC075719FD}
	EndProjectSection
EndProject
Project("{8BC9CEB8-8B4A-11D0-8D11-00A0C91BC942}") = "aio_server", "lib_acl_cpp\samples\aio_server\aio_server_vc2012.vcxproj", "{225D0BFA-64D7-4F8F-951E-36A494CF6178}"
	ProjectSection(ProjectDependencies) = postProject
		{6EC1F44E-6A6A-48E9-B699-D7E89B63C8DC} = {6EC1F44E-6A6A-48E9-B699-D7E89B63C8DC}
		{B40213C2-507C-4C7F-A6E1-B850C9BDC27B} = {B40213C2-507C-4C7F-A6E1-B850C9BDC27B}
		{FE724EF7-3763-4E78-BDF5-BCBC075719FD} = {FE724EF7-3763-4E78-BDF5-BCBC075719FD}
	EndProjectSection
EndProject
Project("{8BC9CEB8-8B4A-11D0-8D11-00A0C91BC942}") = "final_class", "lib_acl_cpp\samples\final_class\final_class_vc2012.vcxproj", "{840C2263-DF87-4FD2-8964-EF81B74695FE}"
EndProject
Project("{8BC9CEB8-8B4A-11D0-8D11-00A0C91BC942}") = "flock", "lib_acl_cpp\samples\flock\flock_vc2012.vcxproj", "{5F4063AD-B591-4C64-ADEA-609968A83550}"
	ProjectSection(ProjectDependencies) = postProject
		{6EC1F44E-6A6A-48E9-B699-D7E89B63C8DC} = {6EC1F44E-6A6A-48E9-B699-D7E89B63C8DC}
		{B40213C2-507C-4C7F-A6E1-B850C9BDC27B} = {B40213C2-507C-4C7F-A6E1-B850C9BDC27B}
		{FE724EF7-3763-4E78-BDF5-BCBC075719FD} = {FE724EF7-3763-4E78-BDF5-BCBC075719FD}
	EndProjectSection
EndProject
Project("{8BC9CEB8-8B4A-11D0-8D11-00A0C91BC942}") = "fstream", "lib_acl_cpp\samples\fstream\fstream_vc2012.vcxproj", "{7680672C-4C9B-4BE8-8BAE-BB23B951AAA0}"
	ProjectSection(ProjectDependencies) = postProject
		{6EC1F44E-6A6A-48E9-B699-D7E89B63C8DC} = {6EC1F44E-6A6A-48E9-B699-D7E89B63C8DC}
		{B40213C2-507C-4C7F-A6E1-B850C9BDC27B} = {B40213C2-507C-4C7F-A6E1-B850C9BDC27B}
		{FE724EF7-3763-4E78-BDF5-BCBC075719FD} = {FE724EF7-3763-4E78-BDF5-BCBC075719FD}
	EndProjectSection
EndProject
Project("{8BC9CEB8-8B4A-11D0-8D11-00A0C91BC942}") = "http_client", "lib_acl_cpp\samples\http_client\http_client_vc2012.vcxproj", "{467619C7-C100-47B9-9A3B-7246A542EDC9}"
	ProjectSection(ProjectDependencies) = postProject
		{6EC1F44E-6A6A-48E9-B699-D7E89B63C8DC} = {6EC1F44E-6A6A-48E9-B699-D7E89B63C8DC}
		{B40213C2-507C-4C7F-A6E1-B850C9BDC27B} = {B40213C2-507C-4C7F-A6E1-B850C9BDC27B}
		{FE724EF7-3763-4E78-BDF5-BCBC075719FD} = {FE724EF7-3763-4E78-BDF5-BCBC075719FD}
	EndProjectSection
EndProject
Project("{8BC9CEB8-8B4A-11D0-8D11-00A0C91BC942}") = "HttpClient", "lib_acl_cpp\samples\HttpClient\HttpClient_vc2012.vcxproj", "{C0A7DB86-EF13-4A3E-9F34-8950521C9675}"
EndProject
Project("{8BC9CEB8-8B4A-11D0-8D11-00A0C91BC942}") = "md5", "lib_acl_cpp\samples\md5\md5_vc2012.vcxproj", "{B8029C89-9870-4EE4-ADD0-E7852E0D1810}"
	ProjectSection(ProjectDependencies) = postProject
		{6EC1F44E-6A6A-48E9-B699-D7E89B63C8DC} = {6EC1F44E-6A6A-48E9-B699-D7E89B63C8DC}
		{B40213C2-507C-4C7F-A6E1-B850C9BDC27B} = {B40213C2-507C-4C7F-A6E1-B850C9BDC27B}
	EndProjectSection
EndProject
Project("{8BC9CEB8-8B4A-11D0-8D11-00A0C91BC942}") = "mime", "lib_acl_cpp\samples\mime\mime_vc2012.vcxproj", "{52AA7352-CE48-4F60-B92D-1EB16A79FE54}"
	ProjectSection(ProjectDependencies) = postProject
		{6EC1F44E-6A6A-48E9-B699-D7E89B63C8DC} = {6EC1F44E-6A6A-48E9-B699-D7E89B63C8DC}
		{B40213C2-507C-4C7F-A6E1-B850C9BDC27B} = {B40213C2-507C-4C7F-A6E1-B850C9BDC27B}
		{FE724EF7-3763-4E78-BDF5-BCBC075719FD} = {FE724EF7-3763-4E78-BDF5-BCBC075719FD}
	EndProjectSection
EndProject
Project("{8BC9CEB8-8B4A-11D0-8D11-00A0C91BC942}") = "mime_base64", "lib_acl_cpp\samples\mime_base64\mime_base64_vc2012.vcxproj", "{19CB30E5-2672-4A8B-96FB-9C42970CCF69}"
	ProjectSection(ProjectDependencies) = postProject
		{6EC1F44E-6A6A-48E9-B699-D7E89B63C8DC} = {6EC1F44E-6A6A-48E9-B699-D7E89B63C8DC}
		{B40213C2-507C-4C7F-A6E1-B850C9BDC27B} = {B40213C2-507C-4C7F-A6E1-B850C9BDC27B}
	EndProjectSection
EndProject
Project("{8BC9CEB8-8B4A-11D0-8D11-00A0C91BC942}") = "mime_qp", "lib_acl_cpp\samples\mime_qp\mime_qp_vc2012.vcxproj", "{5DC79C83-9DE8-46B3-A172-8A4E3371878B}"
EndProject
Project("{8BC9CEB8-8B4A-11D0-8D11-00A0C91BC942}") = "rfc2047", "lib_acl_cpp\samples\rfc2047\rfc2047_vc2012.vcxproj", "{503AFD46-DF2F-4D2B-8584-60AD2007D2BE}"
	ProjectSection(ProjectDependencies) = postProject
		{6EC1F44E-6A6A-48E9-B699-D7E89B63C8DC} = {6EC1F44E-6A6A-48E9-B699-D7E89B63C8DC}
		{B40213C2-507C-4C7F-A6E1-B850C9BDC27B} = {B40213C2-507C-4C7F-A6E1-B850C9BDC27B}
	EndProjectSection
EndProject
Project("{8BC9CEB8-8B4A-11D0-8D11-00A0C91BC942}") = "singleton", "lib_acl_cpp\samples\singleton\singleton_vc2012.vcxproj", "{128791D9-6787-471C-9A0C-0DCAE53F4911}"
EndProject
Project("{8BC9CEB8-8B4A-11D0-8D11-00A0C91BC942}") = "socket_stream", "lib_acl_cpp\samples\socket_stream\socket_stream_vc2012.vcxproj", "{41FA5224-3315-4CDA-9C44-19085049F179}"
	ProjectSection(ProjectDependencies) = postProject
		{6EC1F44E-6A6A-48E9-B699-D7E89B63C8DC} = {6EC1F44E-6A6A-48E9-B699-D7E89B63C8DC}
		{B40213C2-507C-4C7F-A6E1-B850C9BDC27B} = {B40213C2-507C-4C7F-A6E1-B850C9BDC27B}
	EndProjectSection
EndProject
Project("{8BC9CEB8-8B4A-11D0-8D11-00A0C91BC942}") = "string", "lib_acl_cpp\samples\string\string_vc2012.vcxproj", "{C94BEF01-706C-49A7-9FF1-9D87FA5BB8E7}"
	ProjectSection(ProjectDependencies) = postProject
		{6EC1F44E-6A6A-48E9-B699-D7E89B63C8DC} = {6EC1F44E-6A6A-48E9-B699-D7E89B63C8DC}
		{B40213C2-507C-4C7F-A6E1-B850C9BDC27B} = {B40213C2-507C-4C7F-A6E1-B850C9BDC27B}
	EndProjectSection
EndProject
Project("{8BC9CEB8-8B4A-11D0-8D11-00A0C91BC942}") = "win_dbservice", "lib_acl_cpp\samples\win_dbservice\win_dbservice_vc2012.vcxproj", "{DC7E75E5-FE42-4529-9D9A-19D240B8727B}"
	ProjectSection(ProjectDependencies) = postProject
		{6EC1F44E-6A6A-48E9-B699-D7E89B63C8DC} = {6EC1F44E-6A6A-48E9-B699-D7E89B63C8DC}
		{B40213C2-507C-4C7F-A6E1-B850C9BDC27B} = {B40213C2-507C-4C7F-A6E1-B850C9BDC27B}
	EndProjectSection
EndProject
Project("{8BC9CEB8-8B4A-11D0-8D11-00A0C91BC942}") = "winaio", "lib_acl_cpp\samples\winaio\winaio_vc2012.vcxproj", "{ADE6F714-BD52-432D-AB86-62FA59AB6746}"
	ProjectSection(ProjectDependencies) = postProject
		{6EC1F44E-6A6A-48E9-B699-D7E89B63C8DC} = {6EC1F44E-6A6A-48E9-B699-D7E89B63C8DC}
		{B40213C2-507C-4C7F-A6E1-B850C9BDC27B} = {B40213C2-507C-4C7F-A6E1-B850C9BDC27B}
	EndProjectSection
EndProject
Project("{8BC9CEB8-8B4A-11D0-8D11-00A0C91BC942}") = "xml", "lib_acl_cpp\samples\xml\xml_vc2012.vcxproj", "{2DABFAD1-114B-4F96-9185-DC0C56A3662D}"
	ProjectSection(ProjectDependencies) = postProject
		{6EC1F44E-6A6A-48E9-B699-D7E89B63C8DC} = {6EC1F44E-6A6A-48E9-B699-D7E89B63C8DC}
		{B40213C2-507C-4C7F-A6E1-B850C9BDC27B} = {B40213C2-507C-4C7F-A6E1-B850C9BDC27B}
	EndProjectSection
EndProject
Project("{8BC9CEB8-8B4A-11D0-8D11-00A0C91BC942}") = "http_request_pool", "lib_acl_cpp\samples\http_request_pool\http_request_pool_vc2012.vcxproj", "{58FE3581-C997-4BD5-9AC6-AEEB54A43D2C}"
	ProjectSection(ProjectDependencies) = postProject
		{6EC1F44E-6A6A-48E9-B699-D7E89B63C8DC} = {6EC1F44E-6A6A-48E9-B699-D7E89B63C8DC}
		{B40213C2-507C-4C7F-A6E1-B850C9BDC27B} = {B40213C2-507C-4C7F-A6E1-B850C9BDC27B}
		{FE724EF7-3763-4E78-BDF5-BCBC075719FD} = {FE724EF7-3763-4E78-BDF5-BCBC075719FD}
	EndProjectSection
EndProject
Project("{8BC9CEB8-8B4A-11D0-8D11-00A0C91BC942}") = "memcache_pool", "lib_acl_cpp\samples\memcache_pool\memcache_pool_vc2012.vcxproj", "{1F3F3884-7F9B-4BA1-8CA3-61E6758A7193}"
	ProjectSection(ProjectDependencies) = postProject
		{6EC1F44E-6A6A-48E9-B699-D7E89B63C8DC} = {6EC1F44E-6A6A-48E9-B699-D7E89B63C8DC}
		{B40213C2-507C-4C7F-A6E1-B850C9BDC27B} = {B40213C2-507C-4C7F-A6E1-B850C9BDC27B}
		{FE724EF7-3763-4E78-BDF5-BCBC075719FD} = {FE724EF7-3763-4E78-BDF5-BCBC075719FD}
	EndProjectSection
EndProject
Project("{8BC9CEB8-8B4A-11D0-8D11-00A0C91BC942}") = "master_udp", "lib_acl_cpp\samples\master_udp\master_udp_vc2012.vcxproj", "{DE0F9993-7821-4659-B1C2-3A24DE292E87}"
	ProjectSection(ProjectDependencies) = postProject
		{6EC1F44E-6A6A-48E9-B699-D7E89B63C8DC} = {6EC1F44E-6A6A-48E9-B699-D7E89B63C8DC}
		{B40213C2-507C-4C7F-A6E1-B850C9BDC27B} = {B40213C2-507C-4C7F-A6E1-B850C9BDC27B}
		{FE724EF7-3763-4E78-BDF5-BCBC075719FD} = {FE724EF7-3763-4E78-BDF5-BCBC075719FD}
	EndProjectSection
EndProject
Project("{8BC9CEB8-8B4A-11D0-8D11-00A0C91BC942}") = "master_aio_proxy", "lib_acl_cpp\samples\master_aio_proxy\master_aio_proxy_vc2012.vcxproj", "{2F6EDD90-FE9E-4D1F-B2FE-7FED6805B1D4}"
	ProjectSection(ProjectDependencies) = postProject
		{6EC1F44E-6A6A-48E9-B699-D7E89B63C8DC} = {6EC1F44E-6A6A-48E9-B699-D7E89B63C8DC}
		{B40213C2-507C-4C7F-A6E1-B850C9BDC27B} = {B40213C2-507C-4C7F-A6E1-B850C9BDC27B}
		{FE724EF7-3763-4E78-BDF5-BCBC075719FD} = {FE724EF7-3763-4E78-BDF5-BCBC075719FD}
	EndProjectSection
EndProject
Project("{8BC9CEB8-8B4A-11D0-8D11-00A0C91BC942}") = "thread", "lib_acl_cpp\samples\thread\thread_vc2012.vcxproj", "{572249B2-7EE6-41D8-97CE-6FA98BDCF412}"
	ProjectSection(ProjectDependencies) = postProject
		{6EC1F44E-6A6A-48E9-B699-D7E89B63C8DC} = {6EC1F44E-6A6A-48E9-B699-D7E89B63C8DC}
		{B40213C2-507C-4C7F-A6E1-B850C9BDC27B} = {B40213C2-507C-4C7F-A6E1-B850C9BDC27B}
		{FE724EF7-3763-4E78-BDF5-BCBC075719FD} = {FE724EF7-3763-4E78-BDF5-BCBC075719FD}
	EndProjectSection
EndProject
Project("{8BC9CEB8-8B4A-11D0-8D11-00A0C91BC942}") = "thread_pool", "lib_acl_cpp\samples\thread_pool\thread_pool_vc2012.vcxproj", "{9F6E3633-E3EB-4DD0-8B53-0013EAB5E532}"
	ProjectSection(ProjectDependencies) = postProject
		{6EC1F44E-6A6A-48E9-B699-D7E89B63C8DC} = {6EC1F44E-6A6A-48E9-B699-D7E89B63C8DC}
		{B40213C2-507C-4C7F-A6E1-B850C9BDC27B} = {B40213C2-507C-4C7F-A6E1-B850C9BDC27B}
		{FE724EF7-3763-4E78-BDF5-BCBC075719FD} = {FE724EF7-3763-4E78-BDF5-BCBC075719FD}
	EndProjectSection
EndProject
Project("{8BC9CEB8-8B4A-11D0-8D11-00A0C91BC942}") = "lib_rpc", "lib_rpc\lib_rpc_vc2012.vcxproj", "{2B0C9A86-6C14-4CEF-BD7A-4A6752386A44}"
EndProject
Global
	GlobalSection(SolutionConfigurationPlatforms) = preSolution
		Debug|Win32 = Debug|Win32
		DebugDll|Win32 = DebugDll|Win32
		Release|Win32 = Release|Win32
		Releasedll|Win32 = Releasedll|Win32
		Template|Win32 = Template|Win32
	EndGlobalSection
	GlobalSection(ProjectConfigurationPlatforms) = postSolution
		{B40213C2-507C-4C7F-A6E1-B850C9BDC27B}.Debug|Win32.ActiveCfg = Debug|Win32
		{B40213C2-507C-4C7F-A6E1-B850C9BDC27B}.Debug|Win32.Build.0 = Debug|Win32
		{B40213C2-507C-4C7F-A6E1-B850C9BDC27B}.DebugDll|Win32.ActiveCfg = DebugDll|Win32
		{B40213C2-507C-4C7F-A6E1-B850C9BDC27B}.DebugDll|Win32.Build.0 = DebugDll|Win32
		{B40213C2-507C-4C7F-A6E1-B850C9BDC27B}.Release|Win32.ActiveCfg = Release|Win32
		{B40213C2-507C-4C7F-A6E1-B850C9BDC27B}.Release|Win32.Build.0 = Release|Win32
		{B40213C2-507C-4C7F-A6E1-B850C9BDC27B}.Releasedll|Win32.ActiveCfg = ReleaseDll|Win32
		{B40213C2-507C-4C7F-A6E1-B850C9BDC27B}.Releasedll|Win32.Build.0 = ReleaseDll|Win32
		{B40213C2-507C-4C7F-A6E1-B850C9BDC27B}.Template|Win32.ActiveCfg = Release|Win32
		{B40213C2-507C-4C7F-A6E1-B850C9BDC27B}.Template|Win32.Build.0 = Release|Win32
		{FE724EF7-3763-4E78-BDF5-BCBC075719FD}.Debug|Win32.ActiveCfg = Debug|Win32
		{FE724EF7-3763-4E78-BDF5-BCBC075719FD}.Debug|Win32.Build.0 = Debug|Win32
		{FE724EF7-3763-4E78-BDF5-BCBC075719FD}.DebugDll|Win32.ActiveCfg = DebugDll|Win32
		{FE724EF7-3763-4E78-BDF5-BCBC075719FD}.DebugDll|Win32.Build.0 = DebugDll|Win32
		{FE724EF7-3763-4E78-BDF5-BCBC075719FD}.Release|Win32.ActiveCfg = Release|Win32
		{FE724EF7-3763-4E78-BDF5-BCBC075719FD}.Release|Win32.Build.0 = Release|Win32
		{FE724EF7-3763-4E78-BDF5-BCBC075719FD}.Releasedll|Win32.ActiveCfg = ReleaseDll|Win32
		{FE724EF7-3763-4E78-BDF5-BCBC075719FD}.Releasedll|Win32.Build.0 = ReleaseDll|Win32
		{FE724EF7-3763-4E78-BDF5-BCBC075719FD}.Template|Win32.ActiveCfg = Release|Win32
		{FE724EF7-3763-4E78-BDF5-BCBC075719FD}.Template|Win32.Build.0 = Release|Win32
		{6EC1F44E-6A6A-48E9-B699-D7E89B63C8DC}.Debug|Win32.ActiveCfg = Debug|Win32
		{6EC1F44E-6A6A-48E9-B699-D7E89B63C8DC}.Debug|Win32.Build.0 = Debug|Win32
		{6EC1F44E-6A6A-48E9-B699-D7E89B63C8DC}.DebugDll|Win32.ActiveCfg = DebugDll|Win32
		{6EC1F44E-6A6A-48E9-B699-D7E89B63C8DC}.DebugDll|Win32.Build.0 = DebugDll|Win32
		{6EC1F44E-6A6A-48E9-B699-D7E89B63C8DC}.Release|Win32.ActiveCfg = Release|Win32
		{6EC1F44E-6A6A-48E9-B699-D7E89B63C8DC}.Release|Win32.Build.0 = Release|Win32
		{6EC1F44E-6A6A-48E9-B699-D7E89B63C8DC}.Releasedll|Win32.ActiveCfg = Releasedll|Win32
		{6EC1F44E-6A6A-48E9-B699-D7E89B63C8DC}.Releasedll|Win32.Build.0 = Releasedll|Win32
		{6EC1F44E-6A6A-48E9-B699-D7E89B63C8DC}.Template|Win32.ActiveCfg = Release|Win32
		{6EC1F44E-6A6A-48E9-B699-D7E89B63C8DC}.Template|Win32.Build.0 = Release|Win32
		{9A04F86E-D4CB-45ED-9BB6-9939B9400B6F}.Debug|Win32.ActiveCfg = Debug|Win32
		{9A04F86E-D4CB-45ED-9BB6-9939B9400B6F}.Debug|Win32.Build.0 = Debug|Win32
		{9A04F86E-D4CB-45ED-9BB6-9939B9400B6F}.DebugDll|Win32.ActiveCfg = DebugDll|Win32
		{9A04F86E-D4CB-45ED-9BB6-9939B9400B6F}.DebugDll|Win32.Build.0 = DebugDll|Win32
		{9A04F86E-D4CB-45ED-9BB6-9939B9400B6F}.Release|Win32.ActiveCfg = Release|Win32
		{9A04F86E-D4CB-45ED-9BB6-9939B9400B6F}.Release|Win32.Build.0 = Release|Win32
		{9A04F86E-D4CB-45ED-9BB6-9939B9400B6F}.Releasedll|Win32.ActiveCfg = Releasedll|Win32
		{9A04F86E-D4CB-45ED-9BB6-9939B9400B6F}.Releasedll|Win32.Build.0 = Releasedll|Win32
		{9A04F86E-D4CB-45ED-9BB6-9939B9400B6F}.Template|Win32.ActiveCfg = DebugDll|Win32
		{9A04F86E-D4CB-45ED-9BB6-9939B9400B6F}.Template|Win32.Build.0 = DebugDll|Win32
		{BE2DF8B2-2DCD-4F32-99B9-0B0CA24BFAD9}.Debug|Win32.ActiveCfg = Debug|Win32
		{BE2DF8B2-2DCD-4F32-99B9-0B0CA24BFAD9}.Debug|Win32.Build.0 = Debug|Win32
		{BE2DF8B2-2DCD-4F32-99B9-0B0CA24BFAD9}.DebugDll|Win32.ActiveCfg = DebugDll|Win32
		{BE2DF8B2-2DCD-4F32-99B9-0B0CA24BFAD9}.DebugDll|Win32.Build.0 = DebugDll|Win32
		{BE2DF8B2-2DCD-4F32-99B9-0B0CA24BFAD9}.Release|Win32.ActiveCfg = Release|Win32
		{BE2DF8B2-2DCD-4F32-99B9-0B0CA24BFAD9}.Release|Win32.Build.0 = Release|Win32
		{BE2DF8B2-2DCD-4F32-99B9-0B0CA24BFAD9}.Releasedll|Win32.ActiveCfg = Releasedll|Win32
		{BE2DF8B2-2DCD-4F32-99B9-0B0CA24BFAD9}.Releasedll|Win32.Build.0 = Releasedll|Win32
		{BE2DF8B2-2DCD-4F32-99B9-0B0CA24BFAD9}.Template|Win32.ActiveCfg = DebugDll|Win32
		{BE2DF8B2-2DCD-4F32-99B9-0B0CA24BFAD9}.Template|Win32.Build.0 = DebugDll|Win32
		{956FA905-A77F-41FE-A4BE-C3BD3B5B3E83}.Debug|Win32.ActiveCfg = Debug|Win32
		{956FA905-A77F-41FE-A4BE-C3BD3B5B3E83}.Debug|Win32.Build.0 = Debug|Win32
		{956FA905-A77F-41FE-A4BE-C3BD3B5B3E83}.DebugDll|Win32.ActiveCfg = DebugDll|Win32
		{956FA905-A77F-41FE-A4BE-C3BD3B5B3E83}.DebugDll|Win32.Build.0 = DebugDll|Win32
		{956FA905-A77F-41FE-A4BE-C3BD3B5B3E83}.Release|Win32.ActiveCfg = Release|Win32
		{956FA905-A77F-41FE-A4BE-C3BD3B5B3E83}.Release|Win32.Build.0 = Release|Win32
		{956FA905-A77F-41FE-A4BE-C3BD3B5B3E83}.Releasedll|Win32.ActiveCfg = Releasedll|Win32
		{956FA905-A77F-41FE-A4BE-C3BD3B5B3E83}.Releasedll|Win32.Build.0 = Releasedll|Win32
		{956FA905-A77F-41FE-A4BE-C3BD3B5B3E83}.Template|Win32.ActiveCfg = DebugDll|Win32
		{956FA905-A77F-41FE-A4BE-C3BD3B5B3E83}.Template|Win32.Build.0 = DebugDll|Win32
		{225D0BFA-64D7-4F8F-951E-36A494CF6178}.Debug|Win32.ActiveCfg = Debug|Win32
		{225D0BFA-64D7-4F8F-951E-36A494CF6178}.Debug|Win32.Build.0 = Debug|Win32
		{225D0BFA-64D7-4F8F-951E-36A494CF6178}.DebugDll|Win32.ActiveCfg = DebugDll|Win32
		{225D0BFA-64D7-4F8F-951E-36A494CF6178}.DebugDll|Win32.Build.0 = DebugDll|Win32
		{225D0BFA-64D7-4F8F-951E-36A494CF6178}.Release|Win32.ActiveCfg = Release|Win32
		{225D0BFA-64D7-4F8F-951E-36A494CF6178}.Release|Win32.Build.0 = Release|Win32
		{225D0BFA-64D7-4F8F-951E-36A494CF6178}.Releasedll|Win32.ActiveCfg = Releasedll|Win32
		{225D0BFA-64D7-4F8F-951E-36A494CF6178}.Releasedll|Win32.Build.0 = Releasedll|Win32
		{225D0BFA-64D7-4F8F-951E-36A494CF6178}.Template|Win32.ActiveCfg = DebugDll|Win32
		{225D0BFA-64D7-4F8F-951E-36A494CF6178}.Template|Win32.Build.0 = DebugDll|Win32
		{840C2263-DF87-4FD2-8964-EF81B74695FE}.Debug|Win32.ActiveCfg = Debug|Win32
		{840C2263-DF87-4FD2-8964-EF81B74695FE}.Debug|Win32.Build.0 = Debug|Win32
		{840C2263-DF87-4FD2-8964-EF81B74695FE}.DebugDll|Win32.ActiveCfg = DebugDll|Win32
		{840C2263-DF87-4FD2-8964-EF81B74695FE}.DebugDll|Win32.Build.0 = DebugDll|Win32
		{840C2263-DF87-4FD2-8964-EF81B74695FE}.Release|Win32.ActiveCfg = Release|Win32
		{840C2263-DF87-4FD2-8964-EF81B74695FE}.Release|Win32.Build.0 = Release|Win32
		{840C2263-DF87-4FD2-8964-EF81B74695FE}.Releasedll|Win32.ActiveCfg = ReleaseDll|Win32
		{840C2263-DF87-4FD2-8964-EF81B74695FE}.Releasedll|Win32.Build.0 = ReleaseDll|Win32
		{840C2263-DF87-4FD2-8964-EF81B74695FE}.Template|Win32.ActiveCfg = DebugDll|Win32
		{840C2263-DF87-4FD2-8964-EF81B74695FE}.Template|Win32.Build.0 = DebugDll|Win32
		{5F4063AD-B591-4C64-ADEA-609968A83550}.Debug|Win32.ActiveCfg = Debug|Win32
		{5F4063AD-B591-4C64-ADEA-609968A83550}.Debug|Win32.Build.0 = Debug|Win32
		{5F4063AD-B591-4C64-ADEA-609968A83550}.DebugDll|Win32.ActiveCfg = DebugDll|Win32
		{5F4063AD-B591-4C64-ADEA-609968A83550}.DebugDll|Win32.Build.0 = DebugDll|Win32
		{5F4063AD-B591-4C64-ADEA-609968A83550}.Release|Win32.ActiveCfg = Release|Win32
		{5F4063AD-B591-4C64-ADEA-609968A83550}.Release|Win32.Build.0 = Release|Win32
		{5F4063AD-B591-4C64-ADEA-609968A83550}.Releasedll|Win32.ActiveCfg = Releasedll|Win32
		{5F4063AD-B591-4C64-ADEA-609968A83550}.Releasedll|Win32.Build.0 = Releasedll|Win32
		{5F4063AD-B591-4C64-ADEA-609968A83550}.Template|Win32.ActiveCfg = DebugDll|Win32
		{5F4063AD-B591-4C64-ADEA-609968A83550}.Template|Win32.Build.0 = DebugDll|Win32
		{7680672C-4C9B-4BE8-8BAE-BB23B951AAA0}.Debug|Win32.ActiveCfg = Debug|Win32
		{7680672C-4C9B-4BE8-8BAE-BB23B951AAA0}.Debug|Win32.Build.0 = Debug|Win32
		{7680672C-4C9B-4BE8-8BAE-BB23B951AAA0}.DebugDll|Win32.ActiveCfg = DebugDll|Win32
		{7680672C-4C9B-4BE8-8BAE-BB23B951AAA0}.DebugDll|Win32.Build.0 = DebugDll|Win32
		{7680672C-4C9B-4BE8-8BAE-BB23B951AAA0}.Release|Win32.ActiveCfg = Release|Win32
		{7680672C-4C9B-4BE8-8BAE-BB23B951AAA0}.Release|Win32.Build.0 = Release|Win32
		{7680672C-4C9B-4BE8-8BAE-BB23B951AAA0}.Releasedll|Win32.ActiveCfg = Releasedll|Win32
		{7680672C-4C9B-4BE8-8BAE-BB23B951AAA0}.Releasedll|Win32.Build.0 = Releasedll|Win32
		{7680672C-4C9B-4BE8-8BAE-BB23B951AAA0}.Template|Win32.ActiveCfg = DebugDll|Win32
		{7680672C-4C9B-4BE8-8BAE-BB23B951AAA0}.Template|Win32.Build.0 = DebugDll|Win32
		{467619C7-C100-47B9-9A3B-7246A542EDC9}.Debug|Win32.ActiveCfg = Debug|Win32
		{467619C7-C100-47B9-9A3B-7246A542EDC9}.Debug|Win32.Build.0 = Debug|Win32
		{467619C7-C100-47B9-9A3B-7246A542EDC9}.DebugDll|Win32.ActiveCfg = Debugdll|Win32
		{467619C7-C100-47B9-9A3B-7246A542EDC9}.DebugDll|Win32.Build.0 = Debugdll|Win32
		{467619C7-C100-47B9-9A3B-7246A542EDC9}.Release|Win32.ActiveCfg = Release|Win32
		{467619C7-C100-47B9-9A3B-7246A542EDC9}.Release|Win32.Build.0 = Release|Win32
		{467619C7-C100-47B9-9A3B-7246A542EDC9}.Releasedll|Win32.ActiveCfg = Releasedll|Win32
		{467619C7-C100-47B9-9A3B-7246A542EDC9}.Releasedll|Win32.Build.0 = Releasedll|Win32
		{467619C7-C100-47B9-9A3B-7246A542EDC9}.Template|Win32.ActiveCfg = Debugdll|Win32
		{467619C7-C100-47B9-9A3B-7246A542EDC9}.Template|Win32.Build.0 = Debugdll|Win32
		{C0A7DB86-EF13-4A3E-9F34-8950521C9675}.Debug|Win32.ActiveCfg = Debug|Win32
		{C0A7DB86-EF13-4A3E-9F34-8950521C9675}.Debug|Win32.Build.0 = Debug|Win32
		{C0A7DB86-EF13-4A3E-9F34-8950521C9675}.DebugDll|Win32.ActiveCfg = DebugDll|Win32
		{C0A7DB86-EF13-4A3E-9F34-8950521C9675}.DebugDll|Win32.Build.0 = DebugDll|Win32
		{C0A7DB86-EF13-4A3E-9F34-8950521C9675}.Release|Win32.ActiveCfg = Release|Win32
		{C0A7DB86-EF13-4A3E-9F34-8950521C9675}.Release|Win32.Build.0 = Release|Win32
		{C0A7DB86-EF13-4A3E-9F34-8950521C9675}.Releasedll|Win32.ActiveCfg = Releasedll|Win32
		{C0A7DB86-EF13-4A3E-9F34-8950521C9675}.Releasedll|Win32.Build.0 = Releasedll|Win32
		{C0A7DB86-EF13-4A3E-9F34-8950521C9675}.Template|Win32.ActiveCfg = Template|Win32
		{C0A7DB86-EF13-4A3E-9F34-8950521C9675}.Template|Win32.Build.0 = Template|Win32
		{B8029C89-9870-4EE4-ADD0-E7852E0D1810}.Debug|Win32.ActiveCfg = Debug|Win32
		{B8029C89-9870-4EE4-ADD0-E7852E0D1810}.Debug|Win32.Build.0 = Debug|Win32
		{B8029C89-9870-4EE4-ADD0-E7852E0D1810}.DebugDll|Win32.ActiveCfg = DebugDll|Win32
		{B8029C89-9870-4EE4-ADD0-E7852E0D1810}.DebugDll|Win32.Build.0 = DebugDll|Win32
		{B8029C89-9870-4EE4-ADD0-E7852E0D1810}.Release|Win32.ActiveCfg = Release|Win32
		{B8029C89-9870-4EE4-ADD0-E7852E0D1810}.Release|Win32.Build.0 = Release|Win32
		{B8029C89-9870-4EE4-ADD0-E7852E0D1810}.Releasedll|Win32.ActiveCfg = ReleaseDll|Win32
		{B8029C89-9870-4EE4-ADD0-E7852E0D1810}.Releasedll|Win32.Build.0 = ReleaseDll|Win32
		{B8029C89-9870-4EE4-ADD0-E7852E0D1810}.Template|Win32.ActiveCfg = DebugDll|Win32
		{B8029C89-9870-4EE4-ADD0-E7852E0D1810}.Template|Win32.Build.0 = DebugDll|Win32
		{52AA7352-CE48-4F60-B92D-1EB16A79FE54}.Debug|Win32.ActiveCfg = Debug|Win32
		{52AA7352-CE48-4F60-B92D-1EB16A79FE54}.Debug|Win32.Build.0 = Debug|Win32
		{52AA7352-CE48-4F60-B92D-1EB16A79FE54}.DebugDll|Win32.ActiveCfg = DebugDll|Win32
		{52AA7352-CE48-4F60-B92D-1EB16A79FE54}.DebugDll|Win32.Build.0 = DebugDll|Win32
		{52AA7352-CE48-4F60-B92D-1EB16A79FE54}.Release|Win32.ActiveCfg = Release|Win32
		{52AA7352-CE48-4F60-B92D-1EB16A79FE54}.Release|Win32.Build.0 = Release|Win32
		{52AA7352-CE48-4F60-B92D-1EB16A79FE54}.Releasedll|Win32.ActiveCfg = Releasedll|Win32
		{52AA7352-CE48-4F60-B92D-1EB16A79FE54}.Releasedll|Win32.Build.0 = Releasedll|Win32
		{52AA7352-CE48-4F60-B92D-1EB16A79FE54}.Template|Win32.ActiveCfg = DebugDll|Win32
		{52AA7352-CE48-4F60-B92D-1EB16A79FE54}.Template|Win32.Build.0 = DebugDll|Win32
		{19CB30E5-2672-4A8B-96FB-9C42970CCF69}.Debug|Win32.ActiveCfg = Debug|Win32
		{19CB30E5-2672-4A8B-96FB-9C42970CCF69}.Debug|Win32.Build.0 = Debug|Win32
		{19CB30E5-2672-4A8B-96FB-9C42970CCF69}.DebugDll|Win32.ActiveCfg = DebugDll|Win32
		{19CB30E5-2672-4A8B-96FB-9C42970CCF69}.DebugDll|Win32.Build.0 = DebugDll|Win32
		{19CB30E5-2672-4A8B-96FB-9C42970CCF69}.Release|Win32.ActiveCfg = Release|Win32
		{19CB30E5-2672-4A8B-96FB-9C42970CCF69}.Release|Win32.Build.0 = Release|Win32
		{19CB30E5-2672-4A8B-96FB-9C42970CCF69}.Releasedll|Win32.ActiveCfg = Releasedll|Win32
		{19CB30E5-2672-4A8B-96FB-9C42970CCF69}.Releasedll|Win32.Build.0 = Releasedll|Win32
		{19CB30E5-2672-4A8B-96FB-9C42970CCF69}.Template|Win32.ActiveCfg = DebugDll|Win32
		{19CB30E5-2672-4A8B-96FB-9C42970CCF69}.Template|Win32.Build.0 = DebugDll|Win32
		{5DC79C83-9DE8-46B3-A172-8A4E3371878B}.Debug|Win32.ActiveCfg = Debug|Win32
		{5DC79C83-9DE8-46B3-A172-8A4E3371878B}.Debug|Win32.Build.0 = Debug|Win32
		{5DC79C83-9DE8-46B3-A172-8A4E3371878B}.DebugDll|Win32.ActiveCfg = DebugDll|Win32
		{5DC79C83-9DE8-46B3-A172-8A4E3371878B}.DebugDll|Win32.Build.0 = DebugDll|Win32
		{5DC79C83-9DE8-46B3-A172-8A4E3371878B}.Release|Win32.ActiveCfg = Release|Win32
		{5DC79C83-9DE8-46B3-A172-8A4E3371878B}.Release|Win32.Build.0 = Release|Win32
		{5DC79C83-9DE8-46B3-A172-8A4E3371878B}.Releasedll|Win32.ActiveCfg = Releasedll|Win32
		{5DC79C83-9DE8-46B3-A172-8A4E3371878B}.Releasedll|Win32.Build.0 = Releasedll|Win32
		{5DC79C83-9DE8-46B3-A172-8A4E3371878B}.Template|Win32.ActiveCfg = DebugDll|Win32
		{5DC79C83-9DE8-46B3-A172-8A4E3371878B}.Template|Win32.Build.0 = DebugDll|Win32
		{503AFD46-DF2F-4D2B-8584-60AD2007D2BE}.Debug|Win32.ActiveCfg = Debug|Win32
		{503AFD46-DF2F-4D2B-8584-60AD2007D2BE}.Debug|Win32.Build.0 = Debug|Win32
		{503AFD46-DF2F-4D2B-8584-60AD2007D2BE}.DebugDll|Win32.ActiveCfg = DebugDll|Win32
		{503AFD46-DF2F-4D2B-8584-60AD2007D2BE}.DebugDll|Win32.Build.0 = DebugDll|Win32
		{503AFD46-DF2F-4D2B-8584-60AD2007D2BE}.Release|Win32.ActiveCfg = Release|Win32
		{503AFD46-DF2F-4D2B-8584-60AD2007D2BE}.Release|Win32.Build.0 = Release|Win32
		{503AFD46-DF2F-4D2B-8584-60AD2007D2BE}.Releasedll|Win32.ActiveCfg = Releasedll|Win32
		{503AFD46-DF2F-4D2B-8584-60AD2007D2BE}.Releasedll|Win32.Build.0 = Releasedll|Win32
		{503AFD46-DF2F-4D2B-8584-60AD2007D2BE}.Template|Win32.ActiveCfg = DebugDll|Win32
		{503AFD46-DF2F-4D2B-8584-60AD2007D2BE}.Template|Win32.Build.0 = DebugDll|Win32
		{128791D9-6787-471C-9A0C-0DCAE53F4911}.Debug|Win32.ActiveCfg = Debug|Win32
		{128791D9-6787-471C-9A0C-0DCAE53F4911}.Debug|Win32.Build.0 = Debug|Win32
		{128791D9-6787-471C-9A0C-0DCAE53F4911}.DebugDll|Win32.ActiveCfg = DebugDll|Win32
		{128791D9-6787-471C-9A0C-0DCAE53F4911}.DebugDll|Win32.Build.0 = DebugDll|Win32
		{128791D9-6787-471C-9A0C-0DCAE53F4911}.Release|Win32.ActiveCfg = Release|Win32
		{128791D9-6787-471C-9A0C-0DCAE53F4911}.Release|Win32.Build.0 = Release|Win32
		{128791D9-6787-471C-9A0C-0DCAE53F4911}.Releasedll|Win32.ActiveCfg = ReleaseDll|Win32
		{128791D9-6787-471C-9A0C-0DCAE53F4911}.Releasedll|Win32.Build.0 = ReleaseDll|Win32
		{128791D9-6787-471C-9A0C-0DCAE53F4911}.Template|Win32.ActiveCfg = DebugDll|Win32
		{128791D9-6787-471C-9A0C-0DCAE53F4911}.Template|Win32.Build.0 = DebugDll|Win32
		{41FA5224-3315-4CDA-9C44-19085049F179}.Debug|Win32.ActiveCfg = Debug|Win32
		{41FA5224-3315-4CDA-9C44-19085049F179}.Debug|Win32.Build.0 = Debug|Win32
		{41FA5224-3315-4CDA-9C44-19085049F179}.DebugDll|Win32.ActiveCfg = DebugDll|Win32
		{41FA5224-3315-4CDA-9C44-19085049F179}.DebugDll|Win32.Build.0 = DebugDll|Win32
		{41FA5224-3315-4CDA-9C44-19085049F179}.Release|Win32.ActiveCfg = Release|Win32
		{41FA5224-3315-4CDA-9C44-19085049F179}.Release|Win32.Build.0 = Release|Win32
		{41FA5224-3315-4CDA-9C44-19085049F179}.Releasedll|Win32.ActiveCfg = Releasedll|Win32
		{41FA5224-3315-4CDA-9C44-19085049F179}.Releasedll|Win32.Build.0 = Releasedll|Win32
		{41FA5224-3315-4CDA-9C44-19085049F179}.Template|Win32.ActiveCfg = DebugDll|Win32
		{41FA5224-3315-4CDA-9C44-19085049F179}.Template|Win32.Build.0 = DebugDll|Win32
		{C94BEF01-706C-49A7-9FF1-9D87FA5BB8E7}.Debug|Win32.ActiveCfg = Debug|Win32
		{C94BEF01-706C-49A7-9FF1-9D87FA5BB8E7}.Debug|Win32.Build.0 = Debug|Win32
		{C94BEF01-706C-49A7-9FF1-9D87FA5BB8E7}.DebugDll|Win32.ActiveCfg = DebugDll|Win32
		{C94BEF01-706C-49A7-9FF1-9D87FA5BB8E7}.DebugDll|Win32.Build.0 = DebugDll|Win32
		{C94BEF01-706C-49A7-9FF1-9D87FA5BB8E7}.Release|Win32.ActiveCfg = Release|Win32
		{C94BEF01-706C-49A7-9FF1-9D87FA5BB8E7}.Release|Win32.Build.0 = Release|Win32
		{C94BEF01-706C-49A7-9FF1-9D87FA5BB8E7}.Releasedll|Win32.ActiveCfg = Releasedll|Win32
		{C94BEF01-706C-49A7-9FF1-9D87FA5BB8E7}.Releasedll|Win32.Build.0 = Releasedll|Win32
		{C94BEF01-706C-49A7-9FF1-9D87FA5BB8E7}.Template|Win32.ActiveCfg = DebugDll|Win32
		{C94BEF01-706C-49A7-9FF1-9D87FA5BB8E7}.Template|Win32.Build.0 = DebugDll|Win32
		{DC7E75E5-FE42-4529-9D9A-19D240B8727B}.Debug|Win32.ActiveCfg = Debug|Win32
		{DC7E75E5-FE42-4529-9D9A-19D240B8727B}.Debug|Win32.Build.0 = Debug|Win32
		{DC7E75E5-FE42-4529-9D9A-19D240B8727B}.DebugDll|Win32.ActiveCfg = DebugDll|Win32
		{DC7E75E5-FE42-4529-9D9A-19D240B8727B}.DebugDll|Win32.Build.0 = DebugDll|Win32
		{DC7E75E5-FE42-4529-9D9A-19D240B8727B}.Release|Win32.ActiveCfg = Release|Win32
		{DC7E75E5-FE42-4529-9D9A-19D240B8727B}.Release|Win32.Build.0 = Release|Win32
		{DC7E75E5-FE42-4529-9D9A-19D240B8727B}.Releasedll|Win32.ActiveCfg = ReleaseDll|Win32
		{DC7E75E5-FE42-4529-9D9A-19D240B8727B}.Releasedll|Win32.Build.0 = ReleaseDll|Win32
		{DC7E75E5-FE42-4529-9D9A-19D240B8727B}.Template|Win32.ActiveCfg = Template|Win32
		{DC7E75E5-FE42-4529-9D9A-19D240B8727B}.Template|Win32.Build.0 = Template|Win32
		{ADE6F714-BD52-432D-AB86-62FA59AB6746}.Debug|Win32.ActiveCfg = Debug|Win32
		{ADE6F714-BD52-432D-AB86-62FA59AB6746}.Debug|Win32.Build.0 = Debug|Win32
		{ADE6F714-BD52-432D-AB86-62FA59AB6746}.DebugDll|Win32.ActiveCfg = DebugDll|Win32
		{ADE6F714-BD52-432D-AB86-62FA59AB6746}.DebugDll|Win32.Build.0 = DebugDll|Win32
		{ADE6F714-BD52-432D-AB86-62FA59AB6746}.Release|Win32.ActiveCfg = Release|Win32
		{ADE6F714-BD52-432D-AB86-62FA59AB6746}.Release|Win32.Build.0 = Release|Win32
		{ADE6F714-BD52-432D-AB86-62FA59AB6746}.Releasedll|Win32.ActiveCfg = Releasedll|Win32
		{ADE6F714-BD52-432D-AB86-62FA59AB6746}.Releasedll|Win32.Build.0 = Releasedll|Win32
		{ADE6F714-BD52-432D-AB86-62FA59AB6746}.Template|Win32.ActiveCfg = Template|Win32
		{ADE6F714-BD52-432D-AB86-62FA59AB6746}.Template|Win32.Build.0 = Template|Win32
		{2DABFAD1-114B-4F96-9185-DC0C56A3662D}.Debug|Win32.ActiveCfg = Debug|Win32
		{2DABFAD1-114B-4F96-9185-DC0C56A3662D}.Debug|Win32.Build.0 = Debug|Win32
		{2DABFAD1-114B-4F96-9185-DC0C56A3662D}.DebugDll|Win32.ActiveCfg = DebugDll|Win32
		{2DABFAD1-114B-4F96-9185-DC0C56A3662D}.DebugDll|Win32.Build.0 = DebugDll|Win32
		{2DABFAD1-114B-4F96-9185-DC0C56A3662D}.Release|Win32.ActiveCfg = Release|Win32
		{2DABFAD1-114B-4F96-9185-DC0C56A3662D}.Release|Win32.Build.0 = Release|Win32
		{2DABFAD1-114B-4F96-9185-DC0C56A3662D}.Releasedll|Win32.ActiveCfg = Releasedll|Win32
		{2DABFAD1-114B-4F96-9185-DC0C56A3662D}.Releasedll|Win32.Build.0 = Releasedll|Win32
		{2DABFAD1-114B-4F96-9185-DC0C56A3662D}.Template|Win32.ActiveCfg = DebugDll|Win32
		{2DABFAD1-114B-4F96-9185-DC0C56A3662D}.Template|Win32.Build.0 = DebugDll|Win32
		{58FE3581-C997-4BD5-9AC6-AEEB54A43D2C}.Debug|Win32.ActiveCfg = Debug|Win32
		{58FE3581-C997-4BD5-9AC6-AEEB54A43D2C}.Debug|Win32.Build.0 = Debug|Win32
		{58FE3581-C997-4BD5-9AC6-AEEB54A43D2C}.DebugDll|Win32.ActiveCfg = DebugDll|Win32
		{58FE3581-C997-4BD5-9AC6-AEEB54A43D2C}.DebugDll|Win32.Build.0 = DebugDll|Win32
		{58FE3581-C997-4BD5-9AC6-AEEB54A43D2C}.Release|Win32.ActiveCfg = Release|Win32
		{58FE3581-C997-4BD5-9AC6-AEEB54A43D2C}.Release|Win32.Build.0 = Release|Win32
		{58FE3581-C997-4BD5-9AC6-AEEB54A43D2C}.Releasedll|Win32.ActiveCfg = ReleaseDll|Win32
		{58FE3581-C997-4BD5-9AC6-AEEB54A43D2C}.Releasedll|Win32.Build.0 = ReleaseDll|Win32
		{58FE3581-C997-4BD5-9AC6-AEEB54A43D2C}.Template|Win32.ActiveCfg = DebugDll|Win32
		{58FE3581-C997-4BD5-9AC6-AEEB54A43D2C}.Template|Win32.Build.0 = DebugDll|Win32
		{1F3F3884-7F9B-4BA1-8CA3-61E6758A7193}.Debug|Win32.ActiveCfg = Debug|Win32
		{1F3F3884-7F9B-4BA1-8CA3-61E6758A7193}.Debug|Win32.Build.0 = Debug|Win32
		{1F3F3884-7F9B-4BA1-8CA3-61E6758A7193}.DebugDll|Win32.ActiveCfg = DebugDll|Win32
		{1F3F3884-7F9B-4BA1-8CA3-61E6758A7193}.DebugDll|Win32.Build.0 = DebugDll|Win32
		{1F3F3884-7F9B-4BA1-8CA3-61E6758A7193}.Release|Win32.ActiveCfg = Release|Win32
		{1F3F3884-7F9B-4BA1-8CA3-61E6758A7193}.Release|Win32.Build.0 = Release|Win32
		{1F3F3884-7F9B-4BA1-8CA3-61E6758A7193}.Releasedll|Win32.ActiveCfg = ReleaseDll|Win32
		{1F3F3884-7F9B-4BA1-8CA3-61E6758A7193}.Releasedll|Win32.Build.0 = ReleaseDll|Win32
		{1F3F3884-7F9B-4BA1-8CA3-61E6758A7193}.Template|Win32.ActiveCfg = DebugDll|Win32
		{1F3F3884-7F9B-4BA1-8CA3-61E6758A7193}.Template|Win32.Build.0 = DebugDll|Win32
		{DE0F9993-7821-4659-B1C2-3A24DE292E87}.Debug|Win32.ActiveCfg = Debug|Win32
		{DE0F9993-7821-4659-B1C2-3A24DE292E87}.Debug|Win32.Build.0 = Debug|Win32
		{DE0F9993-7821-4659-B1C2-3A24DE292E87}.DebugDll|Win32.ActiveCfg = DebugDll|Win32
		{DE0F9993-7821-4659-B1C2-3A24DE292E87}.DebugDll|Win32.Build.0 = DebugDll|Win32
		{DE0F9993-7821-4659-B1C2-3A24DE292E87}.Release|Win32.ActiveCfg = Release|Win32
		{DE0F9993-7821-4659-B1C2-3A24DE292E87}.Release|Win32.Build.0 = Release|Win32
		{DE0F9993-7821-4659-B1C2-3A24DE292E87}.Releasedll|Win32.ActiveCfg = ReleaseDll|Win32
		{DE0F9993-7821-4659-B1C2-3A24DE292E87}.Releasedll|Win32.Build.0 = ReleaseDll|Win32
		{DE0F9993-7821-4659-B1C2-3A24DE292E87}.Template|Win32.ActiveCfg = DebugDll|Win32
		{DE0F9993-7821-4659-B1C2-3A24DE292E87}.Template|Win32.Build.0 = DebugDll|Win32
		{2F6EDD90-FE9E-4D1F-B2FE-7FED6805B1D4}.Debug|Win32.ActiveCfg = Debug|Win32
		{2F6EDD90-FE9E-4D1F-B2FE-7FED6805B1D4}.Debug|Win32.Build.0 = Debug|Win32
		{2F6EDD90-FE9E-4D1F-B2FE-7FED6805B1D4}.DebugDll|Win32.ActiveCfg = DebugDll|Win32
		{2F6EDD90-FE9E-4D1F-B2FE-7FED6805B1D4}.DebugDll|Win32.Build.0 = DebugDll|Win32
		{2F6EDD90-FE9E-4D1F-B2FE-7FED6805B1D4}.Release|Win32.ActiveCfg = Release|Win32
		{2F6EDD90-FE9E-4D1F-B2FE-7FED6805B1D4}.Release|Win32.Build.0 = Release|Win32
		{2F6EDD90-FE9E-4D1F-B2FE-7FED6805B1D4}.Releasedll|Win32.ActiveCfg = ReleaseDll|Win32
		{2F6EDD90-FE9E-4D1F-B2FE-7FED6805B1D4}.Releasedll|Win32.Build.0 = ReleaseDll|Win32
		{2F6EDD90-FE9E-4D1F-B2FE-7FED6805B1D4}.Template|Win32.ActiveCfg = DebugDll|Win32
		{2F6EDD90-FE9E-4D1F-B2FE-7FED6805B1D4}.Template|Win32.Build.0 = DebugDll|Win32
		{572249B2-7EE6-41D8-97CE-6FA98BDCF412}.Debug|Win32.ActiveCfg = Debug|Win32
		{572249B2-7EE6-41D8-97CE-6FA98BDCF412}.Debug|Win32.Build.0 = Debug|Win32
		{572249B2-7EE6-41D8-97CE-6FA98BDCF412}.DebugDll|Win32.ActiveCfg = DebugDll|Win32
		{572249B2-7EE6-41D8-97CE-6FA98BDCF412}.DebugDll|Win32.Build.0 = DebugDll|Win32
		{572249B2-7EE6-41D8-97CE-6FA98BDCF412}.Release|Win32.ActiveCfg = Release|Win32
		{572249B2-7EE6-41D8-97CE-6FA98BDCF412}.Release|Win32.Build.0 = Release|Win32
		{572249B2-7EE6-41D8-97CE-6FA98BDCF412}.Releasedll|Win32.ActiveCfg = ReleaseDll|Win32
		{572249B2-7EE6-41D8-97CE-6FA98BDCF412}.Releasedll|Win32.Build.0 = ReleaseDll|Win32
		{572249B2-7EE6-41D8-97CE-6FA98BDCF412}.Template|Win32.ActiveCfg = DebugDll|Win32
		{572249B2-7EE6-41D8-97CE-6FA98BDCF412}.Template|Win32.Build.0 = DebugDll|Win32
		{9F6E3633-E3EB-4DD0-8B53-0013EAB5E532}.Debug|Win32.ActiveCfg = Debug|Win32
		{9F6E3633-E3EB-4DD0-8B53-0013EAB5E532}.Debug|Win32.Build.0 = Debug|Win32
		{9F6E3633-E3EB-4DD0-8B53-0013EAB5E532}.DebugDll|Win32.ActiveCfg = DebugDll|Win32
		{9F6E3633-E3EB-4DD0-8B53-0013EAB5E532}.DebugDll|Win32.Build.0 = DebugDll|Win32
		{9F6E3633-E3EB-4DD0-8B53-0013EAB5E532}.Release|Win32.ActiveCfg = Release|Win32
		{9F6E3633-E3EB-4DD0-8B53-0013EAB5E532}.Release|Win32.Build.0 = Release|Win32
		{9F6E3633-E3EB-4DD0-8B53-0013EAB5E532}.Releasedll|Win32.ActiveCfg = ReleaseDll|Win32
		{9F6E3633-E3EB-4DD0-8B53-0013EAB5E532}.Releasedll|Win32.Build.0 = ReleaseDll|Win32
		{9F6E3633-E3EB-4DD0-8B53-0013EAB5E532}.Template|Win32.ActiveCfg = DebugDll|Win32
		{9F6E3633-E3EB-4DD0-8B53-0013EAB5E532}.Template|Win32.Build.0 = DebugDll|Win32
		{2B0C9A86-6C14-4CEF-BD7A-4A6752386A44}.Debug|Win32.ActiveCfg = Debug|Win32
		{2B0C9A86-6C14-4CEF-BD7A-4A6752386A44}.Debug|Win32.Build.0 = Debug|Win32
		{2B0C9A86-6C14-4CEF-BD7A-4A6752386A44}.DebugDll|Win32.ActiveCfg = Debug|Win32
		{2B0C9A86-6C14-4CEF-BD7A-4A6752386A44}.DebugDll|Win32.Build.0 = Debug|Win32
		{2B0C9A86-6C14-4CEF-BD7A-4A6752386A44}.Release|Win32.ActiveCfg = Release|Win32
		{2B0C9A86-6C14-4CEF-BD7A-4A6752386A44}.Release|Win32.Build.0 = Release|Win32
		{2B0C9A86-6C14-4CEF-BD7A-4A6752386A44}.Releasedll|Win32.ActiveCfg = Release|Win32
		{2B0C9A86-6C14-4CEF-BD7A-4A6752386A44}.Releasedll|Win32.Build.0 = Release|Win32
		{2B0C9A86-6C14-4CEF-BD7A-4A6752386A44}.Template|Win32.ActiveCfg = Release|Win32
		{2B0C9A86-6C14-4CEF-BD7A-4A6752386A44}.Template|Win32.Build.0 = Release|Win32
	EndGlobalSection
	GlobalSection(SolutionProperties) = preSolution
		HideSolutionNode = FALSE
	EndGlobalSection
EndGlobal
