Microsoft Visual Studio Solution File, Format Version 12.00
# Visual Studio 2012
Project("{8BC9CEB8-8B4A-11D0-8D11-00A0C91BC942}") = "jaws", "jaws.vcxproj", "{F6BEEB3F-68A6-462D-89BE-F7CF2C04B82F}"
EndProject
Project("{8BC9CEB8-8B4A-11D0-8D11-00A0C91BC942}") = "JawsCtrl", "JawsCtrl\JawsCtrl.vcxproj", "{C6335BB5-6672-4A89-B1A6-5DA8731A1F0A}"
EndProject
Project("{8BC9CEB8-8B4A-11D0-8D11-00A0C91BC942}") = "lib_ctrl", "JawsCtrl\lib_ctrl\lib_ctrl.vcxproj", "{3E468E17-1AA2-42CE-9EC8-3B6013D6D46E}"
EndProject
Project("{8BC9CEB8-8B4A-11D0-8D11-00A0C91BC942}") = "mod_http", "module\mod_http\mod_http.vcxproj", "{C852445A-DFAB-4BF8-A006-22FC928E8632}"
EndProject
Project("{8BC9CEB8-8B4A-11D0-8D11-00A0C91BC942}") = "lib_global", "lib_global\lib_global.vcxproj", "{563B22AE-3249-4882-9388-BBBF2E62CB83}"
EndProject
Project("{8BC9CEB8-8B4A-11D0-8D11-00A0C91BC942}") = "http_access", "plugin\http_access\http_access.vcxproj", "{259DAAFC-3920-4908-9322-5573569B49EE}"
EndProject
Project("{8BC9CEB8-8B4A-11D0-8D11-00A0C91BC942}") = "gbfilter", "plugin\gbfilter\gbfilter.vcxproj", "{0708F4B4-48A2-45C0-BC60-A23A1B58653E}"
EndProject
Project("{8BC9CEB8-8B4A-11D0-8D11-00A0C91BC942}") = "cgi", "plugin\cgi\cgi.vcxproj", "{2FEEEE07-1C22-4EC9-A67C-17E302E39C05}"
EndProject
Global
	GlobalSection(SolutionConfigurationPlatforms) = preSolution
		Debug|Win32 = Debug|Win32
		Release|Win32 = Release|Win32
	EndGlobalSection
	GlobalSection(ProjectConfigurationPlatforms) = postSolution
		{F6BEEB3F-68A6-462D-89BE-F7CF2C04B82F}.Debug|Win32.ActiveCfg = Debug|Win32
		{F6BEEB3F-68A6-462D-89BE-F7CF2C04B82F}.Debug|Win32.Build.0 = Debug|Win32
		{F6BEEB3F-68A6-462D-89BE-F7CF2C04B82F}.Release|Win32.ActiveCfg = Release|Win32
		{F6BEEB3F-68A6-462D-89BE-F7CF2C04B82F}.Release|Win32.Build.0 = Release|Win32
		{C6335BB5-6672-4A89-B1A6-5DA8731A1F0A}.Debug|Win32.ActiveCfg = Debug|Win32
		{C6335BB5-6672-4A89-B1A6-5DA8731A1F0A}.Debug|Win32.Build.0 = Debug|Win32
		{C6335BB5-6672-4A89-B1A6-5DA8731A1F0A}.Release|Win32.ActiveCfg = Release|Win32
		{C6335BB5-6672-4A89-B1A6-5DA8731A1F0A}.Release|Win32.Build.0 = Release|Win32
		{3E468E17-1AA2-42CE-9EC8-3B6013D6D46E}.Debug|Win32.ActiveCfg = Debug|Win32
		{3E468E17-1AA2-42CE-9EC8-3B6013D6D46E}.Debug|Win32.Build.0 = Debug|Win32
		{3E468E17-1AA2-42CE-9EC8-3B6013D6D46E}.Release|Win32.ActiveCfg = Release|Win32
		{3E468E17-1AA2-42CE-9EC8-3B6013D6D46E}.Release|Win32.Build.0 = Release|Win32
		{C852445A-DFAB-4BF8-A006-22FC928E8632}.Debug|Win32.ActiveCfg = Debug|Win32
		{C852445A-DFAB-4BF8-A006-22FC928E8632}.Debug|Win32.Build.0 = Debug|Win32
		{C852445A-DFAB-4BF8-A006-22FC928E8632}.Release|Win32.ActiveCfg = Release|Win32
		{C852445A-DFAB-4BF8-A006-22FC928E8632}.Release|Win32.Build.0 = Release|Win32
		{563B22AE-3249-4882-9388-BBBF2E62CB83}.Debug|Win32.ActiveCfg = Debug|Win32
		{563B22AE-3249-4882-9388-BBBF2E62CB83}.Debug|Win32.Build.0 = Debug|Win32
		{563B22AE-3249-4882-9388-BBBF2E62CB83}.Release|Win32.ActiveCfg = Release|Win32
		{563B22AE-3249-4882-9388-BBBF2E62CB83}.Release|Win32.Build.0 = Release|Win32
		{259DAAFC-3920-4908-9322-5573569B49EE}.Debug|Win32.ActiveCfg = Debug|Win32
		{259DAAFC-3920-4908-9322-5573569B49EE}.Debug|Win32.Build.0 = Debug|Win32
		{259DAAFC-3920-4908-9322-5573569B49EE}.Release|Win32.ActiveCfg = Release|Win32
		{259DAAFC-3920-4908-9322-5573569B49EE}.Release|Win32.Build.0 = Release|Win32
		{0708F4B4-48A2-45C0-BC60-A23A1B58653E}.Debug|Win32.ActiveCfg = Debug|Win32
		{0708F4B4-48A2-45C0-BC60-A23A1B58653E}.Debug|Win32.Build.0 = Debug|Win32
		{0708F4B4-48A2-45C0-BC60-A23A1B58653E}.Release|Win32.ActiveCfg = Release|Win32
		{0708F4B4-48A2-45C0-BC60-A23A1B58653E}.Release|Win32.Build.0 = Release|Win32
		{2FEEEE07-1C22-4EC9-A67C-17E302E39C05}.Debug|Win32.ActiveCfg = Debug|Win32
		{2FEEEE07-1C22-4EC9-A67C-17E302E39C05}.Debug|Win32.Build.0 = Debug|Win32
		{2FEEEE07-1C22-4EC9-A67C-17E302E39C05}.Release|Win32.ActiveCfg = Release|Win32
		{2FEEEE07-1C22-4EC9-A67C-17E302E39C05}.Release|Win32.Build.0 = Release|Win32
	EndGlobalSection
	GlobalSection(SolutionProperties) = preSolution
		HideSolutionNode = FALSE
	EndGlobalSection
EndGlobal
