<?xml version="1.0" encoding="utf-8"?>
<Project ToolsVersion="4.0" xmlns="http://schemas.microsoft.com/developer/msbuild/2003">
  <ItemGroup>
    <Filter Include="源文件">
      <UniqueIdentifier>{4FC737F1-C7A5-4376-A066-2A32D752A2FF}</UniqueIdentifier>
      <Extensions>cpp;c;cxx;def;odl;idl;hpj;bat;asm;asmx</Extensions>
    </Filter>
    <Filter Include="头文件">
      <UniqueIdentifier>{93995380-89BD-4b04-88EB-625FBE52EBFB}</UniqueIdentifier>
      <Extensions>h;hpp;hxx;hm;inl;inc;xsd</Extensions>
    </Filter>
    <Filter Include="资源文件">
      <UniqueIdentifier>{67DA6AB6-F800-4c08-8B7A-83BB121AAD01}</UniqueIdentifier>
      <Extensions>rc;ico;cur;bmp;dlg;rc2;rct;bin;rgs;gif;jpg;jpeg;jpe;resx</Extensions>
    </Filter>
  </ItemGroup>
  <ItemGroup>
    <ClInclude Include=".\src\debug_var.h">
      <Filter>源文件</Filter>
    </ClInclude>
    <ClInclude Include=".\src\dict_cdb.h">
      <Filter>源文件</Filter>
    </ClInclude>
    <ClInclude Include=".\src\dict_db.h">
      <Filter>源文件</Filter>
    </ClInclude>
    <ClInclude Include=".\src\dict_ht.h">
      <Filter>源文件</Filter>
    </ClInclude>
    <ClInclude Include=".\src\dict_tc.h">
      <Filter>源文件</Filter>
    </ClInclude>
    <ClInclude Include=".\src\mac_expand.h">
      <Filter>源文件</Filter>
    </ClInclude>
    <ClInclude Include=".\src\mac_parse.h">
      <Filter>源文件</Filter>
    </ClInclude>
    <ClInclude Include=".\src\name_mask.h">
      <Filter>源文件</Filter>
    </ClInclude>
    <ClInclude Include=".\src\StdAfx.h">
      <Filter>源文件</Filter>
    </ClInclude>
    <ClInclude Include=".\include\dict.h">
      <Filter>头文件</Filter>
    </ClInclude>
    <ClInclude Include=".\include\dict_pool.h">
      <Filter>头文件</Filter>
    </ClInclude>
    <ClInclude Include=".\include\unescape.h">
      <Filter>头文件</Filter>
    </ClInclude>
  </ItemGroup>
  <ItemGroup>
    <ClCompile Include=".\src\dict.c">
      <Filter>源文件</Filter>
    </ClCompile>
    <ClCompile Include=".\src\dict_alloc.c">
      <Filter>源文件</Filter>
    </ClCompile>
    <ClCompile Include=".\src\dict_cdb.c">
      <Filter>源文件</Filter>
    </ClCompile>
    <ClCompile Include=".\src\dict_db.c">
      <Filter>源文件</Filter>
    </ClCompile>
    <ClCompile Include=".\src\dict_debug.c">
      <Filter>源文件</Filter>
    </ClCompile>
    <ClCompile Include=".\src\dict_ht.c">
      <Filter>源文件</Filter>
    </ClCompile>
    <ClCompile Include=".\src\dict_open.c">
      <Filter>源文件</Filter>
    </ClCompile>
    <ClCompile Include=".\src\dict_pool.c">
      <Filter>源文件</Filter>
    </ClCompile>
    <ClCompile Include=".\src\dict_tc.c">
      <Filter>源文件</Filter>
    </ClCompile>
    <ClCompile Include=".\src\mac_expand.c">
      <Filter>源文件</Filter>
    </ClCompile>
    <ClCompile Include=".\src\mac_parse.c">
      <Filter>源文件</Filter>
    </ClCompile>
    <ClCompile Include=".\src\name_mask.c">
      <Filter>源文件</Filter>
    </ClCompile>
    <ClCompile Include=".\src\snprintf.c">
      <Filter>源文件</Filter>
    </ClCompile>
    <ClCompile Include=".\src\StdAfx.c">
      <Filter>源文件</Filter>
    </ClCompile>
    <ClCompile Include=".\src\unescape.c">
      <Filter>源文件</Filter>
    </ClCompile>
  </ItemGroup>
  <ItemGroup>
    <None Include="ReadMe.txt" />
  </ItemGroup>
</Project>
